
Microsoft Visual Studio Solution File, Format Version 12.00
# Visual Studio Version 17
VisualStudioVersion = 17.0.32126.317
MinimumVisualStudioVersion = 10.0.40219.1
Project("{9A19103F-16F7-4668-BE54-9A1E7A4F7556}") = "EmprestimoBancario", "EmprestimoBancario.csproj", "{951027EA-252D-4871-9C1F-80E93E71DBCC}"
EndProject
Project("{FAE04EC0-301F-11D3-BF4B-00C04F79EFBC}") = "ApiEmprestimoXunitTests", "..\ApiEmprestimoXunitTests\ApiEmprestimoXunitTests.csproj", "{0FABCE67-6C9C-4CF4-85E6-FD778C685DEA}"
EndProject
Global
	GlobalSection(SolutionConfigurationPlatforms) = preSolution
		Debug|Any CPU = Debug|Any CPU
		Release|Any CPU = Release|Any CPU
	EndGlobalSection
	GlobalSection(ProjectConfigurationPlatforms) = postSolution
		{951027EA-252D-4871-9C1F-80E93E71DBCC}.Debug|Any CPU.ActiveCfg = Debug|Any CPU
		{951027EA-252D-4871-9C1F-80E93E71DBCC}.Debug|Any CPU.Build.0 = Debug|Any CPU
		{951027EA-252D-4871-9C1F-80E93E71DBCC}.Release|Any CPU.ActiveCfg = Release|Any CPU
		{951027EA-252D-4871-9C1F-80E93E71DBCC}.Release|Any CPU.Build.0 = Release|Any CPU
		{0FABCE67-6C9C-4CF4-85E6-FD778C685DEA}.Debug|Any CPU.ActiveCfg = Debug|Any CPU
		{0FABCE67-6C9C-4CF4-85E6-FD778C685DEA}.Debug|Any CPU.Build.0 = Debug|Any CPU
		{0FABCE67-6C9C-4CF4-85E6-FD778C685DEA}.Release|Any CPU.ActiveCfg = Release|Any CPU
		{0FABCE67-6C9C-4CF4-85E6-FD778C685DEA}.Release|Any CPU.Build.0 = Release|Any CPU
	EndGlobalSection
	GlobalSection(SolutionProperties) = preSolution
		HideSolutionNode = FALSE
	EndGlobalSection
	GlobalSection(ExtensibilityGlobals) = postSolution
		SolutionGuid = {A3292DE7-3740-4B6C-B419-15E10A8A9B68}
	EndGlobalSection
EndGlobal
